{
    "_meta": {
        "hash": {
            "sha256": "f39beb622b133014400a8ba061e0b16e2c8c04414f53aea8654b00dbc6e38926"
        },
        "pipfile-spec": 6,
        "requires": {
            "python_version": "3.5"
        },
        "sources": [
            {
                "name": "pypi",
                "url": "https://pypi.org/simple",
                "verify_ssl": true
            }
        ]
    },
    "default": {
        "django": {
            "hashes": [
                "sha256:a32c22af23634e1d11425574dce756098e015a165be02e4690179889b207c7a8",
                "sha256:d6393918da830530a9516bbbcbf7f1214c3d733738779f06b0f649f49cc698c3"
            ],
            "index": "pypi",
            "version": "==2.1.5"
        },
        "prettytable": {
            "hashes": [
                "sha256:2d5460dc9db74a32bcc8f9f67de68b2c4f4d2f01fa3bd518764c69156d9cacd9",
                "sha256:853c116513625c738dc3ce1aee148b5b5757a86727e67eff6502c7ca59d43c36",
                "sha256:a53da3b43d7a5c229b5e3ca2892ef982c46b7923b51e98f0db49956531211c4f"
            ],
            "index": "pypi",
            "version": "==0.7.2"
        },
        "pytz": {
            "hashes": [
                "sha256:32b0891edff07e28efe91284ed9c31e123d84bea3fd98e1f72be2508f43ef8d9",
                "sha256:d5f05e487007e29e03409f9398d074e158d920d36eb82eaf66fb1136b0c5374c"
            ],
            "version": "==2018.9"
        }
    },
    "develop": {}
}
